
Microsoft Visual Studio Solution File, Format Version 12.00
# Visual Studio Version 16
VisualStudioVersion = 16.0.32106.194
MinimumVisualStudioVersion = 10.0.40219.1
Project("{FAE04EC0-301F-11D3-BF4B-00C04F79EFBC}") = "4angles", "4angles.csproj", "{6DE65989-7561-423E-BF6C-0398E2FE703E}"
EndProject
Global
	GlobalSection(SolutionConfigurationPlatforms) = preSolution
		Debug|Any CPU = Debug|Any CPU
		Release|Any CPU = Release|Any CPU
	EndGlobalSection
	GlobalSection(ProjectConfigurationPlatforms) = postSolution
		{6DE65989-7561-423E-BF6C-0398E2FE703E}.Debug|Any CPU.ActiveCfg = Debug|Any CPU
		{6DE65989-7561-423E-BF6C-0398E2FE703E}.Debug|Any CPU.Build.0 = Debug|Any CPU
		{6DE65989-7561-423E-BF6C-0398E2FE703E}.Release|Any CPU.ActiveCfg = Release|Any CPU
		{6DE65989-7561-423E-BF6C-0398E2FE703E}.Release|Any CPU.Build.0 = Release|Any CPU
	EndGlobalSection
	GlobalSection(SolutionProperties) = preSolution
		HideSolutionNode = FALSE
	EndGlobalSection
	GlobalSection(ExtensibilityGlobals) = postSolution
		SolutionGuid = {2D0EF0C8-A3D7-45FC-A103-0B3F82799386}
	EndGlobalSection
EndGlobal
