
Microsoft Visual Studio Solution File, Format Version 12.00
# Visual Studio Version 16
VisualStudioVersion = 16.0.31729.503
MinimumVisualStudioVersion = 10.0.40219.1
Project("{FAE04EC0-301F-11D3-BF4B-00C04F79EFBC}") = "18Oct2021", "18Oct2021\18Oct2021.csproj", "{1699F1D6-E199-408B-B7DD-FB71F6254C83}"
EndProject
Global
	GlobalSection(SolutionConfigurationPlatforms) = preSolution
		Debug|Any CPU = Debug|Any CPU
		Release|Any CPU = Release|Any CPU
	EndGlobalSection
	GlobalSection(ProjectConfigurationPlatforms) = postSolution
		{1699F1D6-E199-408B-B7DD-FB71F6254C83}.Debug|Any CPU.ActiveCfg = Debug|Any CPU
		{1699F1D6-E199-408B-B7DD-FB71F6254C83}.Debug|Any CPU.Build.0 = Debug|Any CPU
		{1699F1D6-E199-408B-B7DD-FB71F6254C83}.Release|Any CPU.ActiveCfg = Release|Any CPU
		{1699F1D6-E199-408B-B7DD-FB71F6254C83}.Release|Any CPU.Build.0 = Release|Any CPU
	EndGlobalSection
	GlobalSection(SolutionProperties) = preSolution
		HideSolutionNode = FALSE
	EndGlobalSection
	GlobalSection(ExtensibilityGlobals) = postSolution
		SolutionGuid = {4E5B6304-A36B-4933-B4D6-4ACD63F6C7E4}
	EndGlobalSection
EndGlobal
