
Microsoft Visual Studio Solution File, Format Version 12.00
# Visual Studio Version 16
VisualStudioVersion = 16.0.32106.194
MinimumVisualStudioVersion = 10.0.40219.1
Project("{FAE04EC0-301F-11D3-BF4B-00C04F79EFBC}") = "WebApplication", "WebApplication.csproj", "{1FE9C6F4-4893-4451-B34E-49CA78A7A30A}"
EndProject
Global
	GlobalSection(SolutionConfigurationPlatforms) = preSolution
		Debug|Any CPU = Debug|Any CPU
		Release|Any CPU = Release|Any CPU
	EndGlobalSection
	GlobalSection(ProjectConfigurationPlatforms) = postSolution
		{1FE9C6F4-4893-4451-B34E-49CA78A7A30A}.Debug|Any CPU.ActiveCfg = Debug|Any CPU
		{1FE9C6F4-4893-4451-B34E-49CA78A7A30A}.Debug|Any CPU.Build.0 = Debug|Any CPU
		{1FE9C6F4-4893-4451-B34E-49CA78A7A30A}.Release|Any CPU.ActiveCfg = Release|Any CPU
		{1FE9C6F4-4893-4451-B34E-49CA78A7A30A}.Release|Any CPU.Build.0 = Release|Any CPU
	EndGlobalSection
	GlobalSection(SolutionProperties) = preSolution
		HideSolutionNode = FALSE
	EndGlobalSection
	GlobalSection(ExtensibilityGlobals) = postSolution
		SolutionGuid = {023FB46A-ACBB-498A-BD97-47E7A03F2278}
	EndGlobalSection
EndGlobal
