
Microsoft Visual Studio Solution File, Format Version 12.00
# Visual Studio Version 16
VisualStudioVersion = 16.0.31729.503
MinimumVisualStudioVersion = 10.0.40219.1
Project("{FAE04EC0-301F-11D3-BF4B-00C04F79EFBC}") = "Pharmacy", "Pharmacy\Pharmacy.csproj", "{7F21304B-F10C-4EDA-9125-278592E0DB35}"
EndProject
Global
	GlobalSection(SolutionConfigurationPlatforms) = preSolution
		Debug|Any CPU = Debug|Any CPU
		Release|Any CPU = Release|Any CPU
	EndGlobalSection
	GlobalSection(ProjectConfigurationPlatforms) = postSolution
		{7F21304B-F10C-4EDA-9125-278592E0DB35}.Debug|Any CPU.ActiveCfg = Debug|Any CPU
		{7F21304B-F10C-4EDA-9125-278592E0DB35}.Debug|Any CPU.Build.0 = Debug|Any CPU
		{7F21304B-F10C-4EDA-9125-278592E0DB35}.Release|Any CPU.ActiveCfg = Release|Any CPU
		{7F21304B-F10C-4EDA-9125-278592E0DB35}.Release|Any CPU.Build.0 = Release|Any CPU
	EndGlobalSection
	GlobalSection(SolutionProperties) = preSolution
		HideSolutionNode = FALSE
	EndGlobalSection
	GlobalSection(ExtensibilityGlobals) = postSolution
		SolutionGuid = {88567CD6-8E86-47FC-86BA-DA29E1A15050}
	EndGlobalSection
EndGlobal
