
Microsoft Visual Studio Solution File, Format Version 12.00
# Visual Studio Version 16
VisualStudioVersion = 16.0.31729.503
MinimumVisualStudioVersion = 10.0.40219.1
Project("{FAE04EC0-301F-11D3-BF4B-00C04F79EFBC}") = "TestForm", "TestForm\TestForm.csproj", "{635FFB9B-5816-48F2-9FE5-B54F2611FF17}"
EndProject
Global
	GlobalSection(SolutionConfigurationPlatforms) = preSolution
		Debug|Any CPU = Debug|Any CPU
		Release|Any CPU = Release|Any CPU
	EndGlobalSection
	GlobalSection(ProjectConfigurationPlatforms) = postSolution
		{635FFB9B-5816-48F2-9FE5-B54F2611FF17}.Debug|Any CPU.ActiveCfg = Debug|Any CPU
		{635FFB9B-5816-48F2-9FE5-B54F2611FF17}.Debug|Any CPU.Build.0 = Debug|Any CPU
		{635FFB9B-5816-48F2-9FE5-B54F2611FF17}.Release|Any CPU.ActiveCfg = Release|Any CPU
		{635FFB9B-5816-48F2-9FE5-B54F2611FF17}.Release|Any CPU.Build.0 = Release|Any CPU
	EndGlobalSection
	GlobalSection(SolutionProperties) = preSolution
		HideSolutionNode = FALSE
	EndGlobalSection
	GlobalSection(ExtensibilityGlobals) = postSolution
		SolutionGuid = {8A3DD23E-80ED-4F40-8583-41DC5CEF4102}
	EndGlobalSection
EndGlobal
