
Microsoft Visual Studio Solution File, Format Version 12.00
# Visual Studio Version 16
VisualStudioVersion = 16.0.32106.194
MinimumVisualStudioVersion = 10.0.40219.1
Project("{FAE04EC0-301F-11D3-BF4B-00C04F79EFBC}") = "Lawyers", "Lawyers.csproj", "{F2391833-05E8-4349-AE3A-DB132217F44D}"
EndProject
Global
	GlobalSection(SolutionConfigurationPlatforms) = preSolution
		Debug|Any CPU = Debug|Any CPU
		Release|Any CPU = Release|Any CPU
	EndGlobalSection
	GlobalSection(ProjectConfigurationPlatforms) = postSolution
		{F2391833-05E8-4349-AE3A-DB132217F44D}.Debug|Any CPU.ActiveCfg = Debug|Any CPU
		{F2391833-05E8-4349-AE3A-DB132217F44D}.Debug|Any CPU.Build.0 = Debug|Any CPU
		{F2391833-05E8-4349-AE3A-DB132217F44D}.Release|Any CPU.ActiveCfg = Release|Any CPU
		{F2391833-05E8-4349-AE3A-DB132217F44D}.Release|Any CPU.Build.0 = Release|Any CPU
	EndGlobalSection
	GlobalSection(SolutionProperties) = preSolution
		HideSolutionNode = FALSE
	EndGlobalSection
	GlobalSection(ExtensibilityGlobals) = postSolution
		SolutionGuid = {7E21767E-9711-4914-9735-43C9010F45DF}
	EndGlobalSection
EndGlobal
