
Microsoft Visual Studio Solution File, Format Version 12.00
# Visual Studio Version 16
VisualStudioVersion = 16.0.31729.503
MinimumVisualStudioVersion = 10.0.40219.1
Project("{FAE04EC0-301F-11D3-BF4B-00C04F79EFBC}") = "inLesson", "inLesson\inLesson.csproj", "{99FA7EEC-7BB2-40B8-83D8-B48324546846}"
EndProject
Global
	GlobalSection(SolutionConfigurationPlatforms) = preSolution
		Debug|Any CPU = Debug|Any CPU
		Release|Any CPU = Release|Any CPU
	EndGlobalSection
	GlobalSection(ProjectConfigurationPlatforms) = postSolution
		{99FA7EEC-7BB2-40B8-83D8-B48324546846}.Debug|Any CPU.ActiveCfg = Debug|Any CPU
		{99FA7EEC-7BB2-40B8-83D8-B48324546846}.Debug|Any CPU.Build.0 = Debug|Any CPU
		{99FA7EEC-7BB2-40B8-83D8-B48324546846}.Release|Any CPU.ActiveCfg = Release|Any CPU
		{99FA7EEC-7BB2-40B8-83D8-B48324546846}.Release|Any CPU.Build.0 = Release|Any CPU
	EndGlobalSection
	GlobalSection(SolutionProperties) = preSolution
		HideSolutionNode = FALSE
	EndGlobalSection
	GlobalSection(ExtensibilityGlobals) = postSolution
		SolutionGuid = {464FD7CD-6048-4BA5-8A4F-AE2C530C1531}
	EndGlobalSection
EndGlobal
