
Microsoft Visual Studio Solution File, Format Version 12.00
# Visual Studio Version 16
VisualStudioVersion = 16.0.31729.503
MinimumVisualStudioVersion = 10.0.40219.1
Project("{FAE04EC0-301F-11D3-BF4B-00C04F79EFBC}") = "ExtentionMethod", "ExtentionMethod\ExtentionMethod.csproj", "{33DDD0A1-2290-4C38-9531-7E9CDF8768FA}"
EndProject
Global
	GlobalSection(SolutionConfigurationPlatforms) = preSolution
		Debug|Any CPU = Debug|Any CPU
		Release|Any CPU = Release|Any CPU
	EndGlobalSection
	GlobalSection(ProjectConfigurationPlatforms) = postSolution
		{33DDD0A1-2290-4C38-9531-7E9CDF8768FA}.Debug|Any CPU.ActiveCfg = Debug|Any CPU
		{33DDD0A1-2290-4C38-9531-7E9CDF8768FA}.Debug|Any CPU.Build.0 = Debug|Any CPU
		{33DDD0A1-2290-4C38-9531-7E9CDF8768FA}.Release|Any CPU.ActiveCfg = Release|Any CPU
		{33DDD0A1-2290-4C38-9531-7E9CDF8768FA}.Release|Any CPU.Build.0 = Release|Any CPU
	EndGlobalSection
	GlobalSection(SolutionProperties) = preSolution
		HideSolutionNode = FALSE
	EndGlobalSection
	GlobalSection(ExtensibilityGlobals) = postSolution
		SolutionGuid = {7F62765E-BCE2-469A-955A-DD162FF97E64}
	EndGlobalSection
EndGlobal
