
Microsoft Visual Studio Solution File, Format Version 12.00
# Visual Studio Version 16
VisualStudioVersion = 16.0.31729.503
MinimumVisualStudioVersion = 10.0.40219.1
Project("{FAE04EC0-301F-11D3-BF4B-00C04F79EFBC}") = "Task", "Task\Task.csproj", "{73BC24BF-F57F-4A17-ABBD-6A5FE792A9B9}"
EndProject
Global
	GlobalSection(SolutionConfigurationPlatforms) = preSolution
		Debug|Any CPU = Debug|Any CPU
		Release|Any CPU = Release|Any CPU
	EndGlobalSection
	GlobalSection(ProjectConfigurationPlatforms) = postSolution
		{73BC24BF-F57F-4A17-ABBD-6A5FE792A9B9}.Debug|Any CPU.ActiveCfg = Debug|Any CPU
		{73BC24BF-F57F-4A17-ABBD-6A5FE792A9B9}.Debug|Any CPU.Build.0 = Debug|Any CPU
		{73BC24BF-F57F-4A17-ABBD-6A5FE792A9B9}.Release|Any CPU.ActiveCfg = Release|Any CPU
		{73BC24BF-F57F-4A17-ABBD-6A5FE792A9B9}.Release|Any CPU.Build.0 = Release|Any CPU
	EndGlobalSection
	GlobalSection(SolutionProperties) = preSolution
		HideSolutionNode = FALSE
	EndGlobalSection
	GlobalSection(ExtensibilityGlobals) = postSolution
		SolutionGuid = {D094128E-F81D-46AB-AEF1-6B5F05EAC542}
	EndGlobalSection
EndGlobal
