
Microsoft Visual Studio Solution File, Format Version 12.00
# Visual Studio Version 16
VisualStudioVersion = 16.0.32106.194
MinimumVisualStudioVersion = 10.0.40219.1
Project("{9A19103F-16F7-4668-BE54-9A1E7A4F7556}") = "CoreDemo", "CoreDemo.csproj", "{2670D005-5790-4D73-97F7-9F4524E0CE22}"
EndProject
Project("{9A19103F-16F7-4668-BE54-9A1E7A4F7556}") = "EntityLayer", "..\EntityLayer\EntityLayer.csproj", "{04D01075-663B-454D-B798-F9E99D5623F2}"
EndProject
Project("{9A19103F-16F7-4668-BE54-9A1E7A4F7556}") = "DataAccessLayer", "..\DataAccessLayer\DataAccessLayer.csproj", "{E8AF8093-A8F7-4D18-995F-E67AE60E3505}"
EndProject
Project("{9A19103F-16F7-4668-BE54-9A1E7A4F7556}") = "BusinessLayer", "..\BusinessLayer\BusinessLayer.csproj", "{694038FF-4B76-46F7-B713-B44A7DDB3185}"
EndProject
Project("{9A19103F-16F7-4668-BE54-9A1E7A4F7556}") = "CoreLayer", "..\CoreLayer\CoreLayer.csproj", "{C15783B9-9CF5-4B04-A17D-43415D0B478B}"
EndProject
Project("{9A19103F-16F7-4668-BE54-9A1E7A4F7556}") = "BlogApiDemo", "..\BlogApiDemo\BlogApiDemo.csproj", "{817EF7B8-F6FA-4F6F-AF1F-616CB98F7135}"
EndProject
Project("{FAE04EC0-301F-11D3-BF4B-00C04F79EFBC}") = "jwtCore", "..\jwtCore\jwtCore.csproj", "{240DBB3D-A5FC-44DD-BF76-A2C5550BE5AD}"
EndProject
Global
	GlobalSection(SolutionConfigurationPlatforms) = preSolution
		Debug|Any CPU = Debug|Any CPU
		Release|Any CPU = Release|Any CPU
	EndGlobalSection
	GlobalSection(ProjectConfigurationPlatforms) = postSolution
		{2670D005-5790-4D73-97F7-9F4524E0CE22}.Debug|Any CPU.ActiveCfg = Debug|Any CPU
		{2670D005-5790-4D73-97F7-9F4524E0CE22}.Debug|Any CPU.Build.0 = Debug|Any CPU
		{2670D005-5790-4D73-97F7-9F4524E0CE22}.Release|Any CPU.ActiveCfg = Release|Any CPU
		{2670D005-5790-4D73-97F7-9F4524E0CE22}.Release|Any CPU.Build.0 = Release|Any CPU
		{04D01075-663B-454D-B798-F9E99D5623F2}.Debug|Any CPU.ActiveCfg = Debug|Any CPU
		{04D01075-663B-454D-B798-F9E99D5623F2}.Debug|Any CPU.Build.0 = Debug|Any CPU
		{04D01075-663B-454D-B798-F9E99D5623F2}.Release|Any CPU.ActiveCfg = Release|Any CPU
		{04D01075-663B-454D-B798-F9E99D5623F2}.Release|Any CPU.Build.0 = Release|Any CPU
		{E8AF8093-A8F7-4D18-995F-E67AE60E3505}.Debug|Any CPU.ActiveCfg = Debug|Any CPU
		{E8AF8093-A8F7-4D18-995F-E67AE60E3505}.Debug|Any CPU.Build.0 = Debug|Any CPU
		{E8AF8093-A8F7-4D18-995F-E67AE60E3505}.Release|Any CPU.ActiveCfg = Release|Any CPU
		{E8AF8093-A8F7-4D18-995F-E67AE60E3505}.Release|Any CPU.Build.0 = Release|Any CPU
		{694038FF-4B76-46F7-B713-B44A7DDB3185}.Debug|Any CPU.ActiveCfg = Debug|Any CPU
		{694038FF-4B76-46F7-B713-B44A7DDB3185}.Debug|Any CPU.Build.0 = Debug|Any CPU
		{694038FF-4B76-46F7-B713-B44A7DDB3185}.Release|Any CPU.ActiveCfg = Release|Any CPU
		{694038FF-4B76-46F7-B713-B44A7DDB3185}.Release|Any CPU.Build.0 = Release|Any CPU
		{C15783B9-9CF5-4B04-A17D-43415D0B478B}.Debug|Any CPU.ActiveCfg = Debug|Any CPU
		{C15783B9-9CF5-4B04-A17D-43415D0B478B}.Debug|Any CPU.Build.0 = Debug|Any CPU
		{C15783B9-9CF5-4B04-A17D-43415D0B478B}.Release|Any CPU.ActiveCfg = Release|Any CPU
		{C15783B9-9CF5-4B04-A17D-43415D0B478B}.Release|Any CPU.Build.0 = Release|Any CPU
		{817EF7B8-F6FA-4F6F-AF1F-616CB98F7135}.Debug|Any CPU.ActiveCfg = Debug|Any CPU
		{817EF7B8-F6FA-4F6F-AF1F-616CB98F7135}.Debug|Any CPU.Build.0 = Debug|Any CPU
		{817EF7B8-F6FA-4F6F-AF1F-616CB98F7135}.Release|Any CPU.ActiveCfg = Release|Any CPU
		{817EF7B8-F6FA-4F6F-AF1F-616CB98F7135}.Release|Any CPU.Build.0 = Release|Any CPU
		{240DBB3D-A5FC-44DD-BF76-A2C5550BE5AD}.Debug|Any CPU.ActiveCfg = Debug|Any CPU
		{240DBB3D-A5FC-44DD-BF76-A2C5550BE5AD}.Debug|Any CPU.Build.0 = Debug|Any CPU
		{240DBB3D-A5FC-44DD-BF76-A2C5550BE5AD}.Release|Any CPU.ActiveCfg = Release|Any CPU
		{240DBB3D-A5FC-44DD-BF76-A2C5550BE5AD}.Release|Any CPU.Build.0 = Release|Any CPU
	EndGlobalSection
	GlobalSection(SolutionProperties) = preSolution
		HideSolutionNode = FALSE
	EndGlobalSection
	GlobalSection(ExtensibilityGlobals) = postSolution
		SolutionGuid = {43FFA94E-FA6F-44D7-801E-B368D4680225}
	EndGlobalSection
EndGlobal
