
Microsoft Visual Studio Solution File, Format Version 12.00
# Visual Studio Version 16
VisualStudioVersion = 16.0.31729.503
MinimumVisualStudioVersion = 10.0.40219.1
Project("{FAE04EC0-301F-11D3-BF4B-00C04F79EFBC}") = "CRUD", "CRUD\CRUD.csproj", "{D4A01A48-0B3B-4019-B464-44CBE290C946}"
EndProject
Global
	GlobalSection(SolutionConfigurationPlatforms) = preSolution
		Debug|Any CPU = Debug|Any CPU
		Release|Any CPU = Release|Any CPU
	EndGlobalSection
	GlobalSection(ProjectConfigurationPlatforms) = postSolution
		{D4A01A48-0B3B-4019-B464-44CBE290C946}.Debug|Any CPU.ActiveCfg = Debug|Any CPU
		{D4A01A48-0B3B-4019-B464-44CBE290C946}.Debug|Any CPU.Build.0 = Debug|Any CPU
		{D4A01A48-0B3B-4019-B464-44CBE290C946}.Release|Any CPU.ActiveCfg = Release|Any CPU
		{D4A01A48-0B3B-4019-B464-44CBE290C946}.Release|Any CPU.Build.0 = Release|Any CPU
	EndGlobalSection
	GlobalSection(SolutionProperties) = preSolution
		HideSolutionNode = FALSE
	EndGlobalSection
	GlobalSection(ExtensibilityGlobals) = postSolution
		SolutionGuid = {EE496A0D-B0FA-4109-90E7-12C0F8B34D7A}
	EndGlobalSection
EndGlobal
