
Microsoft Visual Studio Solution File, Format Version 12.00
# Visual Studio Version 16
VisualStudioVersion = 16.0.32106.194
MinimumVisualStudioVersion = 10.0.40219.1
Project("{FAE04EC0-301F-11D3-BF4B-00C04F79EFBC}") = "Relation", "Relation.csproj", "{6749D27A-3450-4319-82AA-CADE192522A9}"
EndProject
Global
	GlobalSection(SolutionConfigurationPlatforms) = preSolution
		Debug|Any CPU = Debug|Any CPU
		Release|Any CPU = Release|Any CPU
	EndGlobalSection
	GlobalSection(ProjectConfigurationPlatforms) = postSolution
		{6749D27A-3450-4319-82AA-CADE192522A9}.Debug|Any CPU.ActiveCfg = Debug|Any CPU
		{6749D27A-3450-4319-82AA-CADE192522A9}.Debug|Any CPU.Build.0 = Debug|Any CPU
		{6749D27A-3450-4319-82AA-CADE192522A9}.Release|Any CPU.ActiveCfg = Release|Any CPU
		{6749D27A-3450-4319-82AA-CADE192522A9}.Release|Any CPU.Build.0 = Release|Any CPU
	EndGlobalSection
	GlobalSection(SolutionProperties) = preSolution
		HideSolutionNode = FALSE
	EndGlobalSection
	GlobalSection(ExtensibilityGlobals) = postSolution
		SolutionGuid = {53D1AF73-6289-4207-B4C5-061A20BC8BBB}
	EndGlobalSection
EndGlobal
