
Microsoft Visual Studio Solution File, Format Version 12.00
# Visual Studio Version 16
VisualStudioVersion = 16.0.31729.503
MinimumVisualStudioVersion = 10.0.40219.1
Project("{FAE04EC0-301F-11D3-BF4B-00C04F79EFBC}") = "Task3", "Task3\Task3.csproj", "{79A7F34D-D35E-4106-8012-AF5F2C8761DE}"
EndProject
Global
	GlobalSection(SolutionConfigurationPlatforms) = preSolution
		Debug|Any CPU = Debug|Any CPU
		Release|Any CPU = Release|Any CPU
	EndGlobalSection
	GlobalSection(ProjectConfigurationPlatforms) = postSolution
		{79A7F34D-D35E-4106-8012-AF5F2C8761DE}.Debug|Any CPU.ActiveCfg = Debug|Any CPU
		{79A7F34D-D35E-4106-8012-AF5F2C8761DE}.Debug|Any CPU.Build.0 = Debug|Any CPU
		{79A7F34D-D35E-4106-8012-AF5F2C8761DE}.Release|Any CPU.ActiveCfg = Release|Any CPU
		{79A7F34D-D35E-4106-8012-AF5F2C8761DE}.Release|Any CPU.Build.0 = Release|Any CPU
	EndGlobalSection
	GlobalSection(SolutionProperties) = preSolution
		HideSolutionNode = FALSE
	EndGlobalSection
	GlobalSection(ExtensibilityGlobals) = postSolution
		SolutionGuid = {CF4C66F7-B1EA-42E0-9BF9-55D2C88C50EB}
	EndGlobalSection
EndGlobal
