
Microsoft Visual Studio Solution File, Format Version 12.00
# Visual Studio Version 16
VisualStudioVersion = 16.0.32106.194
MinimumVisualStudioVersion = 10.0.40219.1
Project("{FAE04EC0-301F-11D3-BF4B-00C04F79EFBC}") = "Monthly Salary", "Monthly Salary.csproj", "{0C00C2FE-167B-4023-8253-9107950D6A7D}"
EndProject
Global
	GlobalSection(SolutionConfigurationPlatforms) = preSolution
		Debug|Any CPU = Debug|Any CPU
		Release|Any CPU = Release|Any CPU
	EndGlobalSection
	GlobalSection(ProjectConfigurationPlatforms) = postSolution
		{0C00C2FE-167B-4023-8253-9107950D6A7D}.Debug|Any CPU.ActiveCfg = Debug|Any CPU
		{0C00C2FE-167B-4023-8253-9107950D6A7D}.Debug|Any CPU.Build.0 = Debug|Any CPU
		{0C00C2FE-167B-4023-8253-9107950D6A7D}.Release|Any CPU.ActiveCfg = Release|Any CPU
		{0C00C2FE-167B-4023-8253-9107950D6A7D}.Release|Any CPU.Build.0 = Release|Any CPU
	EndGlobalSection
	GlobalSection(SolutionProperties) = preSolution
		HideSolutionNode = FALSE
	EndGlobalSection
	GlobalSection(ExtensibilityGlobals) = postSolution
		SolutionGuid = {54D6C823-4709-4B38-9946-B7A40B9F1266}
	EndGlobalSection
EndGlobal
