
Microsoft Visual Studio Solution File, Format Version 12.00
# Visual Studio Version 16
VisualStudioVersion = 16.0.32106.194
MinimumVisualStudioVersion = 10.0.40219.1
Project("{FAE04EC0-301F-11D3-BF4B-00C04F79EFBC}") = "Guessing Game", "Guessing Game.csproj", "{70F1C844-8BB6-462D-8CF1-A2F37021ADF1}"
EndProject
Global
	GlobalSection(SolutionConfigurationPlatforms) = preSolution
		Debug|Any CPU = Debug|Any CPU
		Release|Any CPU = Release|Any CPU
	EndGlobalSection
	GlobalSection(ProjectConfigurationPlatforms) = postSolution
		{70F1C844-8BB6-462D-8CF1-A2F37021ADF1}.Debug|Any CPU.ActiveCfg = Debug|Any CPU
		{70F1C844-8BB6-462D-8CF1-A2F37021ADF1}.Debug|Any CPU.Build.0 = Debug|Any CPU
		{70F1C844-8BB6-462D-8CF1-A2F37021ADF1}.Release|Any CPU.ActiveCfg = Release|Any CPU
		{70F1C844-8BB6-462D-8CF1-A2F37021ADF1}.Release|Any CPU.Build.0 = Release|Any CPU
	EndGlobalSection
	GlobalSection(SolutionProperties) = preSolution
		HideSolutionNode = FALSE
	EndGlobalSection
	GlobalSection(ExtensibilityGlobals) = postSolution
		SolutionGuid = {537A7E62-FEC9-4E3A-83AE-AB77F9B0DEBC}
	EndGlobalSection
EndGlobal
