
Microsoft Visual Studio Solution File, Format Version 12.00
# Visual Studio Version 16
VisualStudioVersion = 16.0.32106.194
MinimumVisualStudioVersion = 10.0.40219.1
Project("{FAE04EC0-301F-11D3-BF4B-00C04F79EFBC}") = "CallingApi", "CallingApi.csproj", "{AF5C3810-3AED-4360-B624-D51F4C25437D}"
EndProject
Global
	GlobalSection(SolutionConfigurationPlatforms) = preSolution
		Debug|Any CPU = Debug|Any CPU
		Release|Any CPU = Release|Any CPU
	EndGlobalSection
	GlobalSection(ProjectConfigurationPlatforms) = postSolution
		{AF5C3810-3AED-4360-B624-D51F4C25437D}.Debug|Any CPU.ActiveCfg = Debug|Any CPU
		{AF5C3810-3AED-4360-B624-D51F4C25437D}.Debug|Any CPU.Build.0 = Debug|Any CPU
		{AF5C3810-3AED-4360-B624-D51F4C25437D}.Release|Any CPU.ActiveCfg = Release|Any CPU
		{AF5C3810-3AED-4360-B624-D51F4C25437D}.Release|Any CPU.Build.0 = Release|Any CPU
	EndGlobalSection
	GlobalSection(SolutionProperties) = preSolution
		HideSolutionNode = FALSE
	EndGlobalSection
	GlobalSection(ExtensibilityGlobals) = postSolution
		SolutionGuid = {037DB0F1-5229-4890-93F2-EA673FB4526F}
	EndGlobalSection
EndGlobal
