
Microsoft Visual Studio Solution File, Format Version 12.00
# Visual Studio Version 16
VisualStudioVersion = 16.0.31729.503
MinimumVisualStudioVersion = 10.0.40219.1
Project("{FAE04EC0-301F-11D3-BF4B-00C04F79EFBC}") = "AdoNetBegin", "AdoNetBegin\AdoNetBegin.csproj", "{B6CCBD1E-CA27-4DC6-905C-1CC2B518F1A3}"
EndProject
Global
	GlobalSection(SolutionConfigurationPlatforms) = preSolution
		Debug|Any CPU = Debug|Any CPU
		Release|Any CPU = Release|Any CPU
	EndGlobalSection
	GlobalSection(ProjectConfigurationPlatforms) = postSolution
		{B6CCBD1E-CA27-4DC6-905C-1CC2B518F1A3}.Debug|Any CPU.ActiveCfg = Debug|Any CPU
		{B6CCBD1E-CA27-4DC6-905C-1CC2B518F1A3}.Debug|Any CPU.Build.0 = Debug|Any CPU
		{B6CCBD1E-CA27-4DC6-905C-1CC2B518F1A3}.Release|Any CPU.ActiveCfg = Release|Any CPU
		{B6CCBD1E-CA27-4DC6-905C-1CC2B518F1A3}.Release|Any CPU.Build.0 = Release|Any CPU
	EndGlobalSection
	GlobalSection(SolutionProperties) = preSolution
		HideSolutionNode = FALSE
	EndGlobalSection
	GlobalSection(ExtensibilityGlobals) = postSolution
		SolutionGuid = {C57D4CDF-07CC-48E7-A6E6-EE23C8527150}
	EndGlobalSection
EndGlobal
