
Microsoft Visual Studio Solution File, Format Version 12.00
# Visual Studio Version 16
VisualStudioVersion = 16.0.31729.503
MinimumVisualStudioVersion = 10.0.40219.1
Project("{FAE04EC0-301F-11D3-BF4B-00C04F79EFBC}") = "Pharmcy", "Pharmcy\Pharmcy.csproj", "{E04EFF6F-62E5-4D65-9B19-742BBEBA27EE}"
EndProject
Global
	GlobalSection(SolutionConfigurationPlatforms) = preSolution
		Debug|Any CPU = Debug|Any CPU
		Release|Any CPU = Release|Any CPU
	EndGlobalSection
	GlobalSection(ProjectConfigurationPlatforms) = postSolution
		{E04EFF6F-62E5-4D65-9B19-742BBEBA27EE}.Debug|Any CPU.ActiveCfg = Debug|Any CPU
		{E04EFF6F-62E5-4D65-9B19-742BBEBA27EE}.Debug|Any CPU.Build.0 = Debug|Any CPU
		{E04EFF6F-62E5-4D65-9B19-742BBEBA27EE}.Release|Any CPU.ActiveCfg = Release|Any CPU
		{E04EFF6F-62E5-4D65-9B19-742BBEBA27EE}.Release|Any CPU.Build.0 = Release|Any CPU
	EndGlobalSection
	GlobalSection(SolutionProperties) = preSolution
		HideSolutionNode = FALSE
	EndGlobalSection
	GlobalSection(ExtensibilityGlobals) = postSolution
		SolutionGuid = {77E8A7A0-F1D4-4359-9ECF-1F3465C9F71D}
	EndGlobalSection
EndGlobal
