
Microsoft Visual Studio Solution File, Format Version 12.00
# Visual Studio Version 16
VisualStudioVersion = 16.0.32106.194
MinimumVisualStudioVersion = 10.0.40219.1
Project("{FAE04EC0-301F-11D3-BF4B-00C04F79EFBC}") = "BeginProject", "BeginProject.csproj", "{657D14B9-59E8-4B0A-A200-0E00610C5072}"
EndProject
Global
	GlobalSection(SolutionConfigurationPlatforms) = preSolution
		Debug|Any CPU = Debug|Any CPU
		Release|Any CPU = Release|Any CPU
	EndGlobalSection
	GlobalSection(ProjectConfigurationPlatforms) = postSolution
		{657D14B9-59E8-4B0A-A200-0E00610C5072}.Debug|Any CPU.ActiveCfg = Debug|Any CPU
		{657D14B9-59E8-4B0A-A200-0E00610C5072}.Debug|Any CPU.Build.0 = Debug|Any CPU
		{657D14B9-59E8-4B0A-A200-0E00610C5072}.Release|Any CPU.ActiveCfg = Release|Any CPU
		{657D14B9-59E8-4B0A-A200-0E00610C5072}.Release|Any CPU.Build.0 = Release|Any CPU
	EndGlobalSection
	GlobalSection(SolutionProperties) = preSolution
		HideSolutionNode = FALSE
	EndGlobalSection
	GlobalSection(ExtensibilityGlobals) = postSolution
		SolutionGuid = {58C1382A-1E0C-4065-9455-E691A42E06CE}
	EndGlobalSection
EndGlobal
