
Microsoft Visual Studio Solution File, Format Version 12.00
# Visual Studio Version 16
VisualStudioVersion = 16.0.31729.503
MinimumVisualStudioVersion = 10.0.40219.1
Project("{FAE04EC0-301F-11D3-BF4B-00C04F79EFBC}") = "REPEAT", "REPEAT\REPEAT.csproj", "{5ABDBD6B-8F96-447B-8351-E6F965E036ED}"
EndProject
Global
	GlobalSection(SolutionConfigurationPlatforms) = preSolution
		Debug|Any CPU = Debug|Any CPU
		Release|Any CPU = Release|Any CPU
	EndGlobalSection
	GlobalSection(ProjectConfigurationPlatforms) = postSolution
		{5ABDBD6B-8F96-447B-8351-E6F965E036ED}.Debug|Any CPU.ActiveCfg = Debug|Any CPU
		{5ABDBD6B-8F96-447B-8351-E6F965E036ED}.Debug|Any CPU.Build.0 = Debug|Any CPU
		{5ABDBD6B-8F96-447B-8351-E6F965E036ED}.Release|Any CPU.ActiveCfg = Release|Any CPU
		{5ABDBD6B-8F96-447B-8351-E6F965E036ED}.Release|Any CPU.Build.0 = Release|Any CPU
	EndGlobalSection
	GlobalSection(SolutionProperties) = preSolution
		HideSolutionNode = FALSE
	EndGlobalSection
	GlobalSection(ExtensibilityGlobals) = postSolution
		SolutionGuid = {4984C448-DA19-47DF-A2A5-953B3081F467}
	EndGlobalSection
EndGlobal
