
Microsoft Visual Studio Solution File, Format Version 12.00
# Visual Studio Version 16
VisualStudioVersion = 16.0.31729.503
MinimumVisualStudioVersion = 10.0.40219.1
Project("{FAE04EC0-301F-11D3-BF4B-00C04F79EFBC}") = "15Oct2021", "15Oct2021\15Oct2021.csproj", "{59D83529-B1D5-4FB3-BE30-F5143E3EE589}"
EndProject
Global
	GlobalSection(SolutionConfigurationPlatforms) = preSolution
		Debug|Any CPU = Debug|Any CPU
		Release|Any CPU = Release|Any CPU
	EndGlobalSection
	GlobalSection(ProjectConfigurationPlatforms) = postSolution
		{59D83529-B1D5-4FB3-BE30-F5143E3EE589}.Debug|Any CPU.ActiveCfg = Debug|Any CPU
		{59D83529-B1D5-4FB3-BE30-F5143E3EE589}.Debug|Any CPU.Build.0 = Debug|Any CPU
		{59D83529-B1D5-4FB3-BE30-F5143E3EE589}.Release|Any CPU.ActiveCfg = Release|Any CPU
		{59D83529-B1D5-4FB3-BE30-F5143E3EE589}.Release|Any CPU.Build.0 = Release|Any CPU
	EndGlobalSection
	GlobalSection(SolutionProperties) = preSolution
		HideSolutionNode = FALSE
	EndGlobalSection
	GlobalSection(ExtensibilityGlobals) = postSolution
		SolutionGuid = {4C0C6B1A-9D8E-4264-AA6C-C71C1976BEC9}
	EndGlobalSection
EndGlobal
